{
    "_readme": [
        "This file locks the dependencies of your project to a known state",
        "Read more about it at https://getcomposer.org/doc/01-basic-usage.md#installing-dependencies",
        "This file is @generated automatically"
    ],
    "content-hash": "02bfec5fbfc33f27c14d0448fc0cc33d",
    "packages": [
        {
            "name": "hokoo/wpconnections",
            "version": "dev-master",
            "source": {
                "type": "git",
                "url": "https://github.com/hokoo/wpConnections.git",
                "reference": "9a968a092451dcc1a33de6f778ab5bd2a6db0e72"
            },
            "dist": {
                "type": "zip",
                "url": "https://api.github.com/repos/hokoo/wpConnections/zipball/9a968a092451dcc1a33de6f778ab5bd2a6db0e72",
                "reference": "9a968a092451dcc1a33de6f778ab5bd2a6db0e72",
                "shasum": ""
            },
            "require": {
                "psr/log": ">=1.1",
                "ramsey/collection": "^1.3"
            },
            "require-dev": {
                "composer/installers": "^2.3",
                "dealerdirect/phpcodesniffer-composer-installer": "^1.0",
                "johnpbloch/wordpress": "^6.7",
                "johnpbloch/wordpress-core-installer": "^2.0",
                "phpcompatibility/phpcompatibility-wp": "^2.1",
                "phpunit/phpunit": "9.6.x-dev",
                "squizlabs/php_codesniffer": "^3.7",
                "symfony/var-dumper": "5.4.x-dev",
                "wp-coding-standards/wpcs": "^2.3",
                "yoast/phpunit-polyfills": "^3.0"
            },
            "default-branch": true,
            "type": "library",
            "autoload": {
                "psr-4": {
                    "iTRON\\wpConnections\\Tests\\": "tests/",
                    "iTRON\\wpConnections\\": "src"
                }
            },
            "scripts": {
                "phpcs": [
                    "phpcs ./src/ --standard=./phpcs.xml"
                ],
                "phpcbf": [
                    "phpcbf ./src/ --standard=./phpcs.xml"
                ],
                "phpunit": [
                    "phpunit"
                ]
            },
            "license": [
                "GPL-2.0+"
            ],
            "description": "A library for many-to-many relationships in WordPress",
            "homepage": "https://github.com/hokoo/wpConnections",
            "support": {
                "source": "https://github.com/hokoo/wpConnections/tree/master",
                "issues": "https://github.com/hokoo/wpConnections/issues"
            },
            "time": "2025-11-20T19:09:24+00:00"
        },
        {
            "name": "hokoo/wppostable",
            "version": "dev-master",
            "source": {
                "type": "git",
                "url": "https://github.com/hokoo/wpPostAble.git",
                "reference": "88c9ea55879a0399787b2e198299438e372c1e78"
            },
            "dist": {
                "type": "zip",
                "url": "https://api.github.com/repos/hokoo/wpPostAble/zipball/88c9ea55879a0399787b2e198299438e372c1e78",
                "reference": "88c9ea55879a0399787b2e198299438e372c1e78",
                "shasum": ""
            },
            "require": {
                "ext-json": "*"
            },
            "default-branch": true,
            "type": "library",
            "autoload": {
                "psr-4": {
                    "iTRON\\wpPostAble\\": "src"
                }
            },
            "license": [
                "MIT"
            ],
            "authors": [
                {
                    "name": "Igor Tron",
                    "email": "public@itron.pro"
                }
            ],
            "description": "Library provides a functionality for associating your classes with WordPress class WP_Post.",
            "support": {
                "source": "https://github.com/hokoo/wpPostAble/tree/0.6.2",
                "issues": "https://github.com/hokoo/wpPostAble/issues"
            },
            "time": "2024-09-12T14:15:18+00:00"
        },
        {
            "name": "psr/log",
            "version": "3.0.2",
            "source": {
                "type": "git",
                "url": "https://github.com/php-fig/log.git",
                "reference": "f16e1d5863e37f8d8c2a01719f5b34baa2b714d3"
            },
            "dist": {
                "type": "zip",
                "url": "https://api.github.com/repos/php-fig/log/zipball/f16e1d5863e37f8d8c2a01719f5b34baa2b714d3",
                "reference": "f16e1d5863e37f8d8c2a01719f5b34baa2b714d3",
                "shasum": ""
            },
            "require": {
                "php": ">=8.0.0"
            },
            "type": "library",
            "extra": {
                "branch-alias": {
                    "dev-master": "3.x-dev"
                }
            },
            "autoload": {
                "psr-4": {
                    "Psr\\Log\\": "src"
                }
            },
            "notification-url": "https://packagist.org/downloads/",
            "license": [
                "MIT"
            ],
            "authors": [
                {
                    "name": "PHP-FIG",
                    "homepage": "https://www.php-fig.org/"
                }
            ],
            "description": "Common interface for logging libraries",
            "homepage": "https://github.com/php-fig/log",
            "keywords": [
                "log",
                "psr",
                "psr-3"
            ],
            "support": {
                "source": "https://github.com/php-fig/log/tree/3.0.2"
            },
            "time": "2024-09-11T13:17:53+00:00"
        },
        {
            "name": "ramsey/collection",
            "version": "1.3.0",
            "source": {
                "type": "git",
                "url": "https://github.com/ramsey/collection.git",
                "reference": "ad7475d1c9e70b190ecffc58f2d989416af339b4"
            },
            "dist": {
                "type": "zip",
                "url": "https://api.github.com/repos/ramsey/collection/zipball/ad7475d1c9e70b190ecffc58f2d989416af339b4",
                "reference": "ad7475d1c9e70b190ecffc58f2d989416af339b4",
                "shasum": ""
            },
            "require": {
                "php": "^7.4 || ^8.0",
                "symfony/polyfill-php81": "^1.23"
            },
            "require-dev": {
                "captainhook/plugin-composer": "^5.3",
                "ergebnis/composer-normalize": "^2.28.3",
                "fakerphp/faker": "^1.21",
                "hamcrest/hamcrest-php": "^2.0",
                "jangregor/phpstan-prophecy": "^1.0",
                "mockery/mockery": "^1.5",
                "php-parallel-lint/php-console-highlighter": "^1.0",
                "php-parallel-lint/php-parallel-lint": "^1.3",
                "phpcsstandards/phpcsutils": "^1.0.0-rc1",
                "phpspec/prophecy-phpunit": "^2.0",
                "phpstan/extension-installer": "^1.2",
                "phpstan/phpstan": "^1.9",
                "phpstan/phpstan-mockery": "^1.1",
                "phpstan/phpstan-phpunit": "^1.3",
                "phpunit/phpunit": "^9.5",
                "psalm/plugin-mockery": "^1.1",
                "psalm/plugin-phpunit": "^0.18.4",
                "ramsey/coding-standard": "^2.0.3",
                "ramsey/conventional-commits": "^1.3",
                "vimeo/psalm": "^5.4"
            },
            "type": "library",
            "extra": {
                "captainhook": {
                    "force-install": true
                },
                "ramsey/conventional-commits": {
                    "configFile": "conventional-commits.json"
                }
            },
            "autoload": {
                "psr-4": {
                    "Ramsey\\Collection\\": "src/"
                }
            },
            "notification-url": "https://packagist.org/downloads/",
            "license": [
                "MIT"
            ],
            "authors": [
                {
                    "name": "Ben Ramsey",
                    "email": "ben@benramsey.com",
                    "homepage": "https://benramsey.com"
                }
            ],
            "description": "A PHP library for representing and manipulating collections.",
            "keywords": [
                "array",
                "collection",
                "hash",
                "map",
                "queue",
                "set"
            ],
            "support": {
                "issues": "https://github.com/ramsey/collection/issues",
                "source": "https://github.com/ramsey/collection/tree/1.3.0"
            },
            "funding": [
                {
                    "url": "https://github.com/ramsey",
                    "type": "github"
                },
                {
                    "url": "https://tidelift.com/funding/github/packagist/ramsey/collection",
                    "type": "tidelift"
                }
            ],
            "time": "2022-12-27T19:12:24+00:00"
        },
        {
            "name": "symfony/polyfill-php81",
            "version": "v1.31.0",
            "source": {
                "type": "git",
                "url": "https://github.com/symfony/polyfill-php81.git",
                "reference": "4a4cfc2d253c21a5ad0e53071df248ed48c6ce5c"
            },
            "dist": {
                "type": "zip",
                "url": "https://api.github.com/repos/symfony/polyfill-php81/zipball/4a4cfc2d253c21a5ad0e53071df248ed48c6ce5c",
                "reference": "4a4cfc2d253c21a5ad0e53071df248ed48c6ce5c",
                "shasum": ""
            },
            "require": {
                "php": ">=7.2"
            },
            "type": "library",
            "extra": {
                "thanks": {
                    "url": "https://github.com/symfony/polyfill",
                    "name": "symfony/polyfill"
                }
            },
            "autoload": {
                "files": [
                    "bootstrap.php"
                ],
                "psr-4": {
                    "Symfony\\Polyfill\\Php81\\": ""
                },
                "classmap": [
                    "Resources/stubs"
                ]
            },
            "notification-url": "https://packagist.org/downloads/",
            "license": [
                "MIT"
            ],
            "authors": [
                {
                    "name": "Nicolas Grekas",
                    "email": "p@tchwork.com"
                },
                {
                    "name": "Symfony Community",
                    "homepage": "https://symfony.com/contributors"
                }
            ],
            "description": "Symfony polyfill backporting some PHP 8.1+ features to lower PHP versions",
            "homepage": "https://symfony.com",
            "keywords": [
                "compatibility",
                "polyfill",
                "portable",
                "shim"
            ],
            "support": {
                "source": "https://github.com/symfony/polyfill-php81/tree/v1.31.0"
            },
            "funding": [
                {
                    "url": "https://symfony.com/sponsor",
                    "type": "custom"
                },
                {
                    "url": "https://github.com/fabpot",
                    "type": "github"
                },
                {
                    "url": "https://tidelift.com/funding/github/packagist/symfony/symfony",
                    "type": "tidelift"
                }
            ],
            "time": "2024-09-09T11:45:10+00:00"
        }
    ],
    "packages-dev": [],
    "aliases": [],
    "minimum-stability": "stable",
    "stability-flags": {
        "hokoo/wppostable": 20,
        "hokoo/wpconnections": 20
    },
    "prefer-stable": false,
    "prefer-lowest": false,
    "platform": {
        "ext-json": "*",
        "php": ">=8.0"
    },
    "platform-dev": [],
    "plugin-api-version": "2.3.0"
}
